Microsoft Visual Studio Solution File, Format Version 12.00
# Visual Studio Version 17
VisualStudioVersion = 17.5.2.0
MinimumVisualStudioVersion = 10.0.40219.1
Project("{2150E333-8FDC-42A3-9474-1A3956D46DE8}") = "01-ChristmasLights", "01-ChristmasLights", "{1FC11711-66B1-19CC-11B4-D3CAA5657F6B}"
EndProject
Project("{2150E333-8FDC-42A3-9474-1A3956D46DE8}") = "part1", "part1", "{86B5CDE0-FED9-30F4-C6BA-63373E42CD80}"
EndProject
Project("{2150E333-8FDC-42A3-9474-1A3956D46DE8}") = "src", "src", "{4EF1145F-C612-E784-869B-2CC82BAEE8C6}"
EndProject
Project("{FAE04EC0-301F-11D3-BF4B-00C04F79EFBC}") = "part1", "01-ChristmasLights\part1\src\part1\part1.csproj", "{E245B3B2-7F1A-2FF1-FA6F-850BD3F9DB79}"
EndProject
Project("{2150E333-8FDC-42A3-9474-1A3956D46DE8}") = "test", "test", "{DE6B53CB-4145-1E0B-D6BE-0C4FBE013521}"
EndProject
Project("{FAE04EC0-301F-11D3-BF4B-00C04F79EFBC}") = "Test", "01-ChristmasLights\part1\test\Test\Test.csproj", "{51B4BAE9-AE9F-EC06-C60B-478436962939}"
EndProject
Global
	GlobalSection(SolutionConfigurationPlatforms) = preSolution
		Debug|Any CPU = Debug|Any CPU
		Release|Any CPU = Release|Any CPU
	EndGlobalSection
	GlobalSection(ProjectConfigurationPlatforms) = postSolution
		{E245B3B2-7F1A-2FF1-FA6F-850BD3F9DB79}.Debug|Any CPU.ActiveCfg = Debug|Any CPU
		{E245B3B2-7F1A-2FF1-FA6F-850BD3F9DB79}.Debug|Any CPU.Build.0 = Debug|Any CPU
		{E245B3B2-7F1A-2FF1-FA6F-850BD3F9DB79}.Release|Any CPU.ActiveCfg = Release|Any CPU
		{E245B3B2-7F1A-2FF1-FA6F-850BD3F9DB79}.Release|Any CPU.Build.0 = Release|Any CPU
		{51B4BAE9-AE9F-EC06-C60B-478436962939}.Debug|Any CPU.ActiveCfg = Debug|Any CPU
		{51B4BAE9-AE9F-EC06-C60B-478436962939}.Debug|Any CPU.Build.0 = Debug|Any CPU
		{51B4BAE9-AE9F-EC06-C60B-478436962939}.Release|Any CPU.ActiveCfg = Release|Any CPU
		{51B4BAE9-AE9F-EC06-C60B-478436962939}.Release|Any CPU.Build.0 = Release|Any CPU
	EndGlobalSection
	GlobalSection(SolutionProperties) = preSolution
		HideSolutionNode = FALSE
	EndGlobalSection
	GlobalSection(NestedProjects) = preSolution
		{86B5CDE0-FED9-30F4-C6BA-63373E42CD80} = {1FC11711-66B1-19CC-11B4-D3CAA5657F6B}
		{4EF1145F-C612-E784-869B-2CC82BAEE8C6} = {86B5CDE0-FED9-30F4-C6BA-63373E42CD80}
		{E245B3B2-7F1A-2FF1-FA6F-850BD3F9DB79} = {4EF1145F-C612-E784-869B-2CC82BAEE8C6}
		{DE6B53CB-4145-1E0B-D6BE-0C4FBE013521} = {86B5CDE0-FED9-30F4-C6BA-63373E42CD80}
		{51B4BAE9-AE9F-EC06-C60B-478436962939} = {DE6B53CB-4145-1E0B-D6BE-0C4FBE013521}
	EndGlobalSection
	GlobalSection(ExtensibilityGlobals) = postSolution
		SolutionGuid = {0984D6F0-97B5-48FF-BDB2-83CD4920E480}
	EndGlobalSection
EndGlobal
